// !$*UTF8*$!
{
	archiveVersion = 1;
	classes = {
	};
	objectVersion = 46;
	objects = {

/* Begin PBXBuildFile section */
		DE21EB0A1C6013CF001A8F39 /* AppDelegate.swift in Sources */ = {isa = PBXBuildFile; fileRef = DE21EB091C6013CF001A8F39 /* AppDelegate.swift */; };
		DE21EB0C1C6013CF001A8F39 /* RecordSoundsViewController.swift in Sources */ = {isa = PBXBuildFile; fileRef = DE21EB0B1C6013CF001A8F39 /* RecordSoundsViewController.swift */; };
		DE21EB0F1C6013CF001A8F39 /* Main.storyboard in Resources */ = {isa = PBXBuildFile; fileRef = DE21EB0D1C6013CF001A8F39 /* Main.storyboard */; };
		DE21EB111C6013CF001A8F39 /* Assets.xcassets in Resources */ = {isa = PBXBuildFile; fileRef = DE21EB101C6013CF001A8F39 /* Assets.xcassets */; };
		DE21EB141C6013CF001A8F39 /* LaunchScreen.storyboard in Resources */ = {isa = PBXBuildFile; fileRef = DE21EB121C6013CF001A8F39 /* LaunchScreen.storyboard */; };
		DE21EB1F1C6013CF001A8F39 /* Pitch_PerfectTests.swift in Sources */ = {isa = PBXBuildFile; fileRef = DE21EB1E1C6013CF001A8F39 /* Pitch_PerfectTests.swift */; };
		DE21EB2A1C6013CF001A8F39 /* Pitch_PerfectUITests.swift in Sources */ = {isa = PBXBuildFile; fileRef = DE21EB291C6013CF001A8F39 /* Pitch_PerfectUITests.swift */; };
		DE21EB381C608737001A8F39 /* PlaySoundsViewController.swift in Sources */ = {isa = PBXBuildFile; fileRef = DE21EB371C608737001A8F39 /* PlaySoundsViewController.swift */; };
		DE21EB3A1C608A95001A8F39 /* movieQuote.mp3 in Resources */ = {isa = PBXBuildFile; fileRef = DE21EB391C608A95001A8F39 /* movieQuote.mp3 */; };
		DEEC39AF1C61D7A200C7F258 /* RecordedAudio.swift in Sources */ = {isa = PBXBuildFile; fileRef = DEEC39AE1C61D7A200C7F258 /* RecordedAudio.swift */; };
/* End PBXBuildFile section */

/* Begin PBXContainerItemProxy section */
		DE21EB1B1C6013CF001A8F39 /* PBXContainerItemProxy */ = {
			isa = PBXContainerItemProxy;
			containerPortal = DE21EAFE1C6013CF001A8F39 /* Project object */;
			proxyType = 1;
			remoteGlobalIDString = DE21EB051C6013CF001A8F39;
			remoteInfo = "Pitch Perfect";
		};
		DE21EB261C6013CF001A8F39 /* PBXContainerItemProxy */ = {
			isa = PBXContainerItemProxy;
			containerPortal = DE21EAFE1C6013CF001A8F39 /* Project object */;
			proxyType = 1;
			remoteGlobalIDString = DE21EB051C6013CF001A8F39;
			remoteInfo = "Pitch Perfect";
		};
/* End PBXContainerItemProxy section */

/* Begin PBXFileReference section */
		DE21EB061C6013CF001A8F39 /* Pitch Perfect.app */ = {isa = PBXFileReference; explicitFileType = wrapper.application; includeInIndex = 0; path = "Pitch Perfect.app"; sourceTree = BUILT_PRODUCTS_DIR; };
		DE21EB091C6013CF001A8F39 /* AppDelegate.swift */ = {isa = PBXFileReference; lastKnownFileType = sourcecode.swift; path = AppDelegate.swift; sourceTree = "<group>"; };
		DE21EB0B1C6013CF001A8F39 /* RecordSoundsViewController.swift */ = {isa = PBXFileReference; lastKnownFileType = sourcecode.swift; path = RecordSoundsViewController.swift; sourceTree = "<group>"; };
		DE21EB0E1C6013CF001A8F39 /* Base */ = {isa = PBXFileReference; lastKnownFileType = file.storyboard; name = Base; path = Base.lproj/Main.storyboard; sourceTree = "<group>"; };
		DE21EB101C6013CF001A8F39 /* Assets.xcassets */ = {isa = PBXFileReference; lastKnownFileType = folder.assetcatalog; path = Assets.xcassets; sourceTree = "<group>"; };
		DE21EB131C6013CF001A8F39 /* Base */ = {isa = PBXFileReference; lastKnownFileType = file.storyboard; name = Base; path = Base.lproj/LaunchScreen.storyboard; sourceTree = "<group>"; };
		DE21EB151C6013CF001A8F39 /* Info.plist */ = {isa = PBXFileReference; lastKnownFileType = text.plist.xml; path = Info.plist; sourceTree = "<group>"; };
		DE21EB1A1C6013CF001A8F39 /* Pitch PerfectTests.xctest */ = {isa = PBXFileReference; explicitFileType = wrapper.cfbundle; includeInIndex = 0; path = "Pitch PerfectTests.xctest"; sourceTree = BUILT_PRODUCTS_DIR; };
		DE21EB1E1C6013CF001A8F39 /* Pitch_PerfectTests.swift */ = {isa = PBXFileReference; lastKnownFileType = sourcecode.swift; path = Pitch_PerfectTests.swift; sourceTree = "<group>"; };
		DE21EB201C6013CF001A8F39 /* Info.plist */ = {isa = PBXFileReference; lastKnownFileType = text.plist.xml; path = Info.plist; sourceTree = "<group>"; };
		DE21EB251C6013CF001A8F39 /* Pitch PerfectUITests.xctest */ = {isa = PBXFileReference; explicitFileType = wrapper.cfbundle; includeInIndex = 0; path = "Pitch PerfectUITests.xctest"; sourceTree = BUILT_PRODUCTS_DIR; };
		DE21EB291C6013CF001A8F39 /* Pitch_PerfectUITests.swift */ = {isa = PBXFileReference; lastKnownFileType = sourcecode.swift; path = Pitch_PerfectUITests.swift; sourceTree = "<group>"; };
		DE21EB2B1C6013CF001A8F39 /* Info.plist */ = {isa = PBXFileReference; lastKnownFileType = text.plist.xml; path = Info.plist; sourceTree = "<group>"; };
		DE21EB371C608737001A8F39 /* PlaySoundsViewController.swift */ = {isa = PBXFileReference; fileEncoding = 4; lastKnownFileType = sourcecode.swift; path = PlaySoundsViewController.swift; sourceTree = "<group>"; };
		DE21EB391C608A95001A8F39 /* movieQuote.mp3 */ = {isa = PBXFileReference; lastKnownFileType = audio.mp3; path = movieQuote.mp3; sourceTree = "<group>"; };
		DEEC39AE1C61D7A200C7F258 /* RecordedAudio.swift */ = {isa = PBXFileReference; fileEncoding = 4; lastKnownFileType = sourcecode.swift; path = RecordedAudio.swift; sourceTree = "<group>"; };
/* End PBXFileReference section */

/* Begin PBXFrameworksBuildPhase section */
		DE21EB031C6013CF001A8F39 /* Frameworks */ = {
			isa = PBXFrameworksBuildPhase;
			buildActionMask = 2147483647;
			files = (
			);
			runOnlyForDeploymentPostprocessing = 0;
		};
		DE21EB171C6013CF001A8F39 /* Frameworks */ = {
			isa = PBXFrameworksBuildPhase;
			buildActionMask = 2147483647;
			files = (
			);
			runOnlyForDeploymentPostprocessing = 0;
		};
		DE21EB221C6013CF001A8F39 /* Frameworks */ = {
			isa = PBXFrameworksBuildPhase;
			buildActionMask = 2147483647;
			files = (
			);
			runOnlyForDeploymentPostprocessing = 0;
		};
/* End PBXFrameworksBuildPhase section */

/* Begin PBXGroup section */
		DE21EAFD1C6013CF001A8F39 = {
			isa = PBXGroup;
			children = (
				DE21EB081C6013CF001A8F39 /* Pitch Perfect */,
				DE21EB1D1C6013CF001A8F39 /* Pitch PerfectTests */,
				DE21EB281C6013CF001A8F39 /* Pitch PerfectUITests */,
				DE21EB071C6013CF001A8F39 /* Products */,
			);
			sourceTree = "<group>";
		};
		DE21EB071C6013CF001A8F39 /* Products */ = {
			isa = PBXGroup;
			children = (
				DE21EB061C6013CF001A8F39 /* Pitch Perfect.app */,
				DE21EB1A1C6013CF001A8F39 /* Pitch PerfectTests.xctest */,
				DE21EB251C6013CF001A8F39 /* Pitch PerfectUITests.xctest */,
			);
			name = Products;
			sourceTree = "<group>";
		};
		DE21EB081C6013CF001A8F39 /* Pitch Perfect */ = {
			isa = PBXGroup;
			children = (
				DE21EB091C6013CF001A8F39 /* AppDelegate.swift */,
				DEEC39AE1C61D7A200C7F258 /* RecordedAudio.swift */,
				DE21EB0B1C6013CF001A8F39 /* RecordSoundsViewController.swift */,
				DE21EB371C608737001A8F39 /* PlaySoundsViewController.swift */,
				DE21EB0D1C6013CF001A8F39 /* Main.storyboard */,
				DE21EB101C6013CF001A8F39 /* Assets.xcassets */,
				DE21EB391C608A95001A8F39 /* movieQuote.mp3 */,
				DE21EB121C6013CF001A8F39 /* LaunchScreen.storyboard */,
				DE21EB151C6013CF001A8F39 /* Info.plist */,
			);
			path = "Pitch Perfect";
			sourceTree = "<group>";
		};
		DE21EB1D1C6013CF001A8F39 /* Pitch PerfectTests */ = {
			isa = PBXGroup;
			children = (
				DE21EB1E1C6013CF001A8F39 /* Pitch_PerfectTests.swift */,
				DE21EB201C6013CF001A8F39 /* Info.plist */,
			);
			path = "Pitch PerfectTests";
			sourceTree = "<group>";
		};
		DE21EB281C6013CF001A8F39 /* Pitch PerfectUITests */ = {
			isa = PBXGroup;
			children = (
				DE21EB291C6013CF001A8F39 /* Pitch_PerfectUITests.swift */,
				DE21EB2B1C6013CF001A8F39 /* Info.plist */,
			);
			path = "Pitch PerfectUITests";
			sourceTree = "<group>";
		};
/* End PBXGroup section */

/* Begin PBXNativeTarget section */
		DE21EB051C6013CF001A8F39 /* Pitch Perfect */ = {
			isa = PBXNativeTarget;
			buildConfigurationList = DE21EB2E1C6013CF001A8F39 /* Build configuration list for PBXNativeTarget "Pitch Perfect" */;
			buildPhases = (
				DE21EB021C6013CF001A8F39 /* Sources */,
				DE21EB031C6013CF001A8F39 /* Frameworks */,
				DE21EB041C6013CF001A8F39 /* Resources */,
			);
			buildRules = (
			);
			dependencies = (
			);
			name = "Pitch Perfect";
			productName = "Pitch Perfect";
			productReference = DE21EB061C6013CF001A8F39 /* Pitch Perfect.app */;
			productType = "com.apple.product-type.application";
		};
		DE21EB191C6013CF001A8F39 /* Pitch PerfectTests */ = {
			isa = PBXNativeTarget;
			buildConfigurationList = DE21EB311C6013CF001A8F39 /* Build configuration list for PBXNativeTarget "Pitch PerfectTests" */;
			buildPhases = (
				DE21EB161C6013CF001A8F39 /* Sources */,
				DE21EB171C6013CF001A8F39 /* Frameworks */,
				DE21EB181C6013CF001A8F39 /* Resources */,
			);
			buildRules = (
			);
			dependencies = (
				DE21EB1C1C6013CF001A8F39 /* PBXTargetDependency */,
			);
			name = "Pitch PerfectTests";
			productName = "Pitch PerfectTests";
			productReference = DE21EB1A1C6013CF001A8F39 /* Pitch PerfectTests.xctest */;
			productType = "com.apple.product-type.bundle.unit-test";
		};
		DE21EB241C6013CF001A8F39 /* Pitch PerfectUITests */ = {
			isa = PBXNativeTarget;
			buildConfigurationList = DE21EB341C6013CF001A8F39 /* Build configuration list for PBXNativeTarget "Pitch PerfectUITests" */;
			buildPhases = (
				DE21EB211C6013CF001A8F39 /* Sources */,
				DE21EB221C6013CF001A8F39 /* Frameworks */,
				DE21EB231C6013CF001A8F39 /* Resources */,
			);
			buildRules = (
			);
			dependencies = (
				DE21EB271C6013CF001A8F39 /* PBXTargetDependency */,
			);
			name = "Pitch PerfectUITests";
			productName = "Pitch PerfectUITests";
			productReference = DE21EB251C6013CF001A8F39 /* Pitch PerfectUITests.xctest */;
			productType = "com.apple.product-type.bundle.ui-testing";
		};
/* End PBXNativeTarget section */

/* Begin PBXProject section */
		DE21EAFE1C6013CF001A8F39 /* Project object */ = {
			isa = PBXProject;
			attributes = {
				LastSwiftUpdateCheck = 0720;
				LastUpgradeCheck = 0720;
				ORGANIZATIONNAME = Thang;
				TargetAttributes = {
					DE21EB051C6013CF001A8F39 = {
						CreatedOnToolsVersion = 7.2;
					};
					DE21EB191C6013CF001A8F39 = {
						CreatedOnToolsVersion = 7.2;
						TestTargetID = DE21EB051C6013CF001A8F39;
					};
					DE21EB241C6013CF001A8F39 = {
						CreatedOnToolsVersion = 7.2;
						TestTargetID = DE21EB051C6013CF001A8F39;
					};
				};
			};
			buildConfigurationList = DE21EB011C6013CF001A8F39 /* Build configuration list for PBXProject "Pitch Perfect" */;
			compatibilityVersion = "Xcode 3.2";
			developmentRegion = English;
			hasScannedForEncodings = 0;
			knownRegions = (
				en,
				Base,
			);
			mainGroup = DE21EAFD1C6013CF001A8F39;
			productRefGroup = DE21EB071C6013CF001A8F39 /* Products */;
			projectDirPath = "";
			projectRoot = "";
			targets = (
				DE21EB051C6013CF001A8F39 /* Pitch Perfect */,
				DE21EB191C6013CF001A8F39 /* Pitch PerfectTests */,
				DE21EB241C6013CF001A8F39 /* Pitch PerfectUITests */,
			);
		};
/* End PBXProject section */

/* Begin PBXResourcesBuildPhase section */
		DE21EB041C6013CF001A8F39 /* Resources */ = {
			isa = PBXResourcesBuildPhase;
			buildActionMask = 2147483647;
			files = (
				DE21EB141C6013CF001A8F39 /* LaunchScreen.storyboard in Resources */,
				DE21EB111C6013CF001A8F39 /* Assets.xcassets in Resources */,
				DE21EB3A1C608A95001A8F39 /* movieQuote.mp3 in Resources */,
				DE21EB0F1C6013CF001A8F39 /* Main.storyboard in Resources */,
			);
			runOnlyForDeploymentPostprocessing = 0;
		};
		DE21EB181C6013CF001A8F39 /* Resources */ = {
			isa = PBXResourcesBuildPhase;
			buildActionMask = 2147483647;
			files = (
			);
			runOnlyForDeploymentPostprocessing = 0;
		};
		DE21EB231C6013CF001A8F39 /* Resources */ = {
			isa = PBXResourcesBuildPhase;
			buildActionMask = 2147483647;
			files = (
			);
			runOnlyForDeploymentPostprocessing = 0;
		};
/* End PBXResourcesBuildPhase section */

/* Begin PBXSourcesBuildPhase section */
		DE21EB021C6013CF001A8F39 /* Sources */ = {
			isa = PBXSourcesBuildPhase;
			buildActionMask = 2147483647;
			files = (
				DEEC39AF1C61D7A200C7F258 /* RecordedAudio.swift in Sources */,
				DE21EB0C1C6013CF001A8F39 /* RecordSoundsViewController.swift in Sources */,
				DE21EB381C608737001A8F39 /* PlaySoundsViewController.swift in Sources */,
				DE21EB0A1C6013CF001A8F39 /* AppDelegate.swift in Sources */,
			);
			runOnlyForDeploymentPostprocessing = 0;
		};
		DE21EB161C6013CF001A8F39 /* Sources */ = {
			isa = PBXSourcesBuildPhase;
			buildActionMask = 2147483647;
			files = (
				DE21EB1F1C6013CF001A8F39 /* Pitch_PerfectTests.swift in Sources */,
			);
			runOnlyForDeploymentPostprocessing = 0;
		};
		DE21EB211C6013CF001A8F39 /* Sources */ = {
			isa = PBXSourcesBuildPhase;
			buildActionMask = 2147483647;
			files = (
				DE21EB2A1C6013CF001A8F39 /* Pitch_PerfectUITests.swift in Sources */,
			);
			runOnlyForDeploymentPostprocessing = 0;
		};
/* End PBXSourcesBuildPhase section */

/* Begin PBXTargetDependency section */
		DE21EB1C1C6013CF001A8F39 /* PBXTargetDependency */ = {
			isa = PBXTargetDependency;
			target = DE21EB051C6013CF001A8F39 /* Pitch Perfect */;
			targetProxy = DE21EB1B1C6013CF001A8F39 /* PBXContainerItemProxy */;
		};
		DE21EB271C6013CF001A8F39 /* PBXTargetDependency */ = {
			isa = PBXTargetDependency;
			target = DE21EB051C6013CF001A8F39 /* Pitch Perfect */;
			targetProxy = DE21EB261C6013CF001A8F39 /* PBXContainerItemProxy */;
		};
/* End PBXTargetDependency section */

/* Begin PBXVariantGroup section */
		DE21EB0D1C6013CF001A8F39 /* Main.storyboard */ = {
			isa = PBXVariantGroup;
			children = (
				DE21EB0E1C6013CF001A8F39 /* Base */,
			);
			name = Main.storyboard;
			sourceTree = "<group>";
		};
		DE21EB121C6013CF001A8F39 /* LaunchScreen.storyboard */ = {
			isa = PBXVariantGroup;
			children = (
				DE21EB131C6013CF001A8F39 /* Base */,
			);
			name = LaunchScreen.storyboard;
			sourceTree = "<group>";
		};
/* End PBXVariantGroup section */

/* Begin XCBuildConfiguration section */
		DE21EB2C1C6013CF001A8F39 /* Debug */ = {
			isa = XCBuildConfiguration;
			buildSettings = {
				ALWAYS_SEARCH_USER_PATHS = NO;
				CLANG_CXX_LANGUAGE_STANDARD = "gnu++0x";
				CLANG_CXX_LIBRARY = "libc++";
				CLANG_ENABLE_MODULES = YES;
				CLANG_ENABLE_OBJC_ARC = YES;
				CLANG_WARN_BOOL_CONVERSION = YES;
				CLANG_WARN_CONSTANT_CONVERSION = YES;
				CLANG_WARN_DIRECT_OBJC_ISA_USAGE = YES_ERROR;
				CLANG_WARN_EMPTY_BODY = YES;
				CLANG_WARN_ENUM_CONVERSION = YES;
				CLANG_WARN_INT_CONVERSION = YES;
				CLANG_WARN_OBJC_ROOT_CLASS = YES_ERROR;
				CLANG_WARN_UNREACHABLE_CODE = YES;
				CLANG_WARN__DUPLICATE_METHOD_MATCH = YES;
				"CODE_SIGN_IDENTITY[sdk=iphoneos*]" = "iPhone Developer";
				COPY_PHASE_STRIP = NO;
				DEBUG_INFORMATION_FORMAT = dwarf;
				ENABLE_STRICT_OBJC_MSGSEND = YES;
				ENABLE_TESTABILITY = YES;
				GCC_C_LANGUAGE_STANDARD = gnu99;
				GCC_DYNAMIC_NO_PIC = NO;
				GCC_NO_COMMON_BLOCKS = YES;
				GCC_OPTIMIZATION_LEVEL = 0;
				GCC_PREPROCESSOR_DEFINITIONS = (
					"DEBUG=1",
					"$(inherited)",
				);
				GCC_WARN_64_TO_32_BIT_CONVERSION = YES;
				GCC_WARN_ABOUT_RETURN_TYPE = YES_ERROR;
				GCC_WARN_UNDECLARED_SELECTOR = YES;
				GCC_WARN_UNINITIALIZED_AUTOS = YES_AGGRESSIVE;
				GCC_WARN_UNUSED_FUNCTION = YES;
				GCC_WARN_UNUSED_VARIABLE = YES;
				IPHONEOS_DEPLOYMENT_TARGET = 9.2;
				MTL_ENABLE_DEBUG_INFO = YES;
				ONLY_ACTIVE_ARCH = YES;
				SDKROOT = iphoneos;
				SWIFT_OPTIMIZATION_LEVEL = "-Onone";
			};
			name = Debug;
		};
		DE21EB2D1C6013CF001A8F39 /* Release */ = {
			isa = XCBuildConfiguration;
			buildSettings = {
				ALWAYS_SEARCH_USER_PATHS = NO;
				CLANG_CXX_LANGUAGE_STANDARD = "gnu++0x";
				CLANG_CXX_LIBRARY = "libc++";
				CLANG_ENABLE_MODULES = YES;
				CLANG_ENABLE_OBJC_ARC = YES;
				CLANG_WARN_BOOL_CONVERSION = YES;
				CLANG_WARN_CONSTANT_CONVERSION = YES;
				CLANG_WARN_DIRECT_OBJC_ISA_USAGE = YES_ERROR;
				CLANG_WARN_EMPTY_BODY = YES;
				CLANG_WARN_ENUM_CONVERSION = YES;
				CLANG_WARN_INT_CONVERSION = YES;
				CLANG_WARN_OBJC_ROOT_CLASS = YES_ERROR;
				CLANG_WARN_UNREACHABLE_CODE = YES;
				CLANG_WARN__DUPLICATE_METHOD_MATCH = YES;
				"CODE_SIGN_IDENTITY[sdk=iphoneos*]" = "iPhone Developer";
				COPY_PHASE_STRIP = NO;
				DEBUG_INFORMATION_FORMAT = "dwarf-with-dsym";
				ENABLE_NS_ASSERTIONS = NO;
				ENABLE_STRICT_OBJC_MSGSEND = YES;
				GCC_C_LANGUAGE_STANDARD = gnu99;
				GCC_NO_COMMON_BLOCKS = YES;
				GCC_WARN_64_TO_32_BIT_CONVERSION = YES;
				GCC_WARN_ABOUT_RETURN_TYPE = YES_ERROR;
				GCC_WARN_UNDECLARED_SELECTOR = YES;
				GCC_WARN_UNINITIALIZED_AUTOS = YES_AGGRESSIVE;
				GCC_WARN_UNUSED_FUNCTION = YES;
				GCC_WARN_UNUSED_VARIABLE = YES;
				IPHONEOS_DEPLOYMENT_TARGET = 9.2;
				MTL_ENABLE_DEBUG_INFO = NO;
				SDKROOT = iphoneos;
				VALIDATE_PRODUCT = YES;
			};
			name = Release;
		};
		DE21EB2F1C6013CF001A8F39 /* Debug */ = {
			isa = XCBuildConfiguration;
			buildSettings = {
				ASSETCATALOG_COMPILER_APPICON_NAME = AppIcon;
				INFOPLIST_FILE = "Pitch Perfect/Info.plist";
				LD_RUNPATH_SEARCH_PATHS = "$(inherited) @executable_path/Frameworks";
				PRODUCT_BUNDLE_IDENTIFIER = "TaTo.Pitch-Perfect";
				PRODUCT_NAME = "$(TARGET_NAME)";
			};
			name = Debug;
		};
		DE21EB301C6013CF001A8F39 /* Release */ = {
			isa = XCBuildConfiguration;
			buildSettings = {
				ASSETCATALOG_COMPILER_APPICON_NAME = AppIcon;
				INFOPLIST_FILE = "Pitch Perfect/Info.plist";
				LD_RUNPATH_SEARCH_PATHS = "$(inherited) @executable_path/Frameworks";
				PRODUCT_BUNDLE_IDENTIFIER = "TaTo.Pitch-Perfect";
				PRODUCT_NAME = "$(TARGET_NAME)";
			};
			name = Release;
		};
		DE21EB321C6013CF001A8F39 /* Debug */ = {
			isa = XCBuildConfiguration;
			buildSettings = {
				BUNDLE_LOADER = "$(TEST_HOST)";
				INFOPLIST_FILE = "Pitch PerfectTests/Info.plist";
				LD_RUNPATH_SEARCH_PATHS = "$(inherited) @executable_path/Frameworks @loader_path/Frameworks";
				PRODUCT_BUNDLE_IDENTIFIER = "TaTo.Pitch-PerfectTests";
				PRODUCT_NAME = "$(TARGET_NAME)";
				TEST_HOST = "$(BUILT_PRODUCTS_DIR)/Pitch Perfect.app/Pitch Perfect";
			};
			name = Debug;
		};
		DE21EB331C6013CF001A8F39 /* Release */ = {
			isa = XCBuildConfiguration;
			buildSettings = {
				BUNDLE_LOADER = "$(TEST_HOST)";
				INFOPLIST_FILE = "Pitch PerfectTests/Info.plist";
				LD_RUNPATH_SEARCH_PATHS = "$(inherited) @executable_path/Frameworks @loader_path/Frameworks";
				PRODUCT_BUNDLE_IDENTIFIER = "TaTo.Pitch-PerfectTests";
				PRODUCT_NAME = "$(TARGET_NAME)";
				TEST_HOST = "$(BUILT_PRODUCTS_DIR)/Pitch Perfect.app/Pitch Perfect";
			};
			name = Release;
		};
		DE21EB351C6013CF001A8F39 /* Debug */ = {
			isa = XCBuildConfiguration;
			buildSettings = {
				INFOPLIST_FILE = "Pitch PerfectUITests/Info.plist";
				LD_RUNPATH_SEARCH_PATHS = "$(inherited) @executable_path/Frameworks @loader_path/Frameworks";
				PRODUCT_BUNDLE_IDENTIFIER = "TaTo.Pitch-PerfectUITests";
				PRODUCT_NAME = "$(TARGET_NAME)";
				TEST_TARGET_NAME = "Pitch Perfect";
				USES_XCTRUNNER = YES;
			};
			name = Debug;
		};
		DE21EB361C6013CF001A8F39 /* Release */ = {
			isa = XCBuildConfiguration;
			buildSettings = {
				INFOPLIST_FILE = "Pitch PerfectUITests/Info.plist";
				LD_RUNPATH_SEARCH_PATHS = "$(inherited) @executable_path/Frameworks @loader_path/Frameworks";
				PRODUCT_BUNDLE_IDENTIFIER = "TaTo.Pitch-PerfectUITests";
				PRODUCT_NAME = "$(TARGET_NAME)";
				TEST_TARGET_NAME = "Pitch Perfect";
				USES_XCTRUNNER = YES;
			};
			name = Release;
		};
/* End XCBuildConfiguration section */

/* Begin XCConfigurationList section */
		DE21EB011C6013CF001A8F39 /* Build configuration list for PBXProject "Pitch Perfect" */ = {
			isa = XCConfigurationList;
			buildConfigurations = (
				DE21EB2C1C6013CF001A8F39 /* Debug */,
				DE21EB2D1C6013CF001A8F39 /* Release */,
			);
			defaultConfigurationIsVisible = 0;
			defaultConfigurationName = Release;
		};
		DE21EB2E1C6013CF001A8F39 /* Build configuration list for PBXNativeTarget "Pitch Perfect" */ = {
			isa = XCConfigurationList;
			buildConfigurations = (
				DE21EB2F1C6013CF001A8F39 /* Debug */,
				DE21EB301C6013CF001A8F39 /* Release */,
			);
			defaultConfigurationIsVisible = 0;
			defaultConfigurationName = Release;
		};
		DE21EB311C6013CF001A8F39 /* Build configuration list for PBXNativeTarget "Pitch PerfectTests" */ = {
			isa = XCConfigurationList;
			buildConfigurations = (
				DE21EB321C6013CF001A8F39 /* Debug */,
				DE21EB331C6013CF001A8F39 /* Release */,
			);
			defaultConfigurationIsVisible = 0;
			defaultConfigurationName = Release;
		};
		DE21EB341C6013CF001A8F39 /* Build configuration list for PBXNativeTarget "Pitch PerfectUITests" */ = {
			isa = XCConfigurationList;
			buildConfigurations = (
				DE21EB351C6013CF001A8F39 /* Debug */,
				DE21EB361C6013CF001A8F39 /* Release */,
			);
			defaultConfigurationIsVisible = 0;
			defaultConfigurationName = Release;
		};
/* End XCConfigurationList section */
	};
	rootObject = DE21EAFE1C6013CF001A8F39 /* Project object */;
}
